
Microsoft Visual Studio Solution File, Format Version 12.00
# Visual Studio Version 17
VisualStudioVersion = 17.8.34309.116
MinimumVisualStudioVersion = 10.0.40219.1
Project("{FAE04EC0-301F-11D3-BF4B-00C04F79EFBC}") = "NodeGraph", "NodeGraph\NodeGraph.csproj", "{0F88709E-111A-4727-9896-3DAF27A5F3ED}"
EndProject
Project("{9A19103F-16F7-4668-BE54-9A1E7A4F7556}") = "NodeGraphWeb", "NodeGraphWeb\NodeGraphWeb.csproj", "{E2B5C9E8-959A-41D7-82E8-3CBEAB922B52}"
EndProject
Global
	GlobalSection(SolutionConfigurationPlatforms) = preSolution
		Debug|Any CPU = Debug|Any CPU
		Debug|x64 = Debug|x64
		Release|Any CPU = Release|Any CPU
		Release|x64 = Release|x64
	EndGlobalSection
	GlobalSection(ProjectConfigurationPlatforms) = postSolution
		{0F88709E-111A-4727-9896-3DAF27A5F3ED}.Debug|Any CPU.ActiveCfg = Debug|Any CPU
		{0F88709E-111A-4727-9896-3DAF27A5F3ED}.Debug|Any CPU.Build.0 = Debug|Any CPU
		{0F88709E-111A-4727-9896-3DAF27A5F3ED}.Debug|x64.ActiveCfg = Debug|x64
		{0F88709E-111A-4727-9896-3DAF27A5F3ED}.Debug|x64.Build.0 = Debug|x64
		{0F88709E-111A-4727-9896-3DAF27A5F3ED}.Release|Any CPU.ActiveCfg = Release|Any CPU
		{0F88709E-111A-4727-9896-3DAF27A5F3ED}.Release|Any CPU.Build.0 = Release|Any CPU
		{0F88709E-111A-4727-9896-3DAF27A5F3ED}.Release|x64.ActiveCfg = Release|x64
		{0F88709E-111A-4727-9896-3DAF27A5F3ED}.Release|x64.Build.0 = Release|x64
		{E2B5C9E8-959A-41D7-82E8-3CBEAB922B52}.Debug|Any CPU.ActiveCfg = Debug|Any CPU
		{E2B5C9E8-959A-41D7-82E8-3CBEAB922B52}.Debug|Any CPU.Build.0 = Debug|Any CPU
		{E2B5C9E8-959A-41D7-82E8-3CBEAB922B52}.Debug|x64.ActiveCfg = Debug|Any CPU
		{E2B5C9E8-959A-41D7-82E8-3CBEAB922B52}.Debug|x64.Build.0 = Debug|Any CPU
		{E2B5C9E8-959A-41D7-82E8-3CBEAB922B52}.Release|Any CPU.ActiveCfg = Release|Any CPU
		{E2B5C9E8-959A-41D7-82E8-3CBEAB922B52}.Release|Any CPU.Build.0 = Release|Any CPU
		{E2B5C9E8-959A-41D7-82E8-3CBEAB922B52}.Release|x64.ActiveCfg = Release|Any CPU
		{E2B5C9E8-959A-41D7-82E8-3CBEAB922B52}.Release|x64.Build.0 = Release|Any CPU
	EndGlobalSection
	GlobalSection(SolutionProperties) = preSolution
		HideSolutionNode = FALSE
	EndGlobalSection
	GlobalSection(ExtensibilityGlobals) = postSolution
		SolutionGuid = {E1E532B7-3A7E-422F-82AC-A253CE98C598}
	EndGlobalSection
EndGlobal
